// !$*UTF8*$!
{
	archiveVersion = 1;
	classes = {
	};
	objectVersion = 46;
	objects = {

/* Begin PBXBuildFile section */
		C6E7543F1D03D04C000B8DCD /* AppDelegate.swift in Sources */ = {isa = PBXBuildFile; fileRef = C6E7543E1D03D04C000B8DCD /* AppDelegate.swift */; };
		C6E754411D03D04C000B8DCD /* ViewController.swift in Sources */ = {isa = PBXBuildFile; fileRef = C6E754401D03D04C000B8DCD /* ViewController.swift */; };
		C6E754441D03D04C000B8DCD /* Main.storyboard in Resources */ = {isa = PBXBuildFile; fileRef = C6E754421D03D04C000B8DCD /* Main.storyboard */; };
		C6E754461D03D04C000B8DCD /* Assets.xcassets in Resources */ = {isa = PBXBuildFile; fileRef = C6E754451D03D04C000B8DCD /* Assets.xcassets */; };
		C6E754491D03D04C000B8DCD /* LaunchScreen.storyboard in Resources */ = {isa = PBXBuildFile; fileRef = C6E754471D03D04C000B8DCD /* LaunchScreen.storyboard */; };
		C6E754541D03D04D000B8DCD /* gachaTests.swift in Sources */ = {isa = PBXBuildFile; fileRef = C6E754531D03D04D000B8DCD /* gachaTests.swift */; };
		C6E7545F1D03D04D000B8DCD /* gachaUITests.swift in Sources */ = {isa = PBXBuildFile; fileRef = C6E7545E1D03D04D000B8DCD /* gachaUITests.swift */; };
		C6E754C11D0451B1000B8DCD /* AnimationUtility.swift in Sources */ = {isa = PBXBuildFile; fileRef = C6E754AB1D0451B1000B8DCD /* AnimationUtility.swift */; };
		C6E754C21D0451B1000B8DCD /* bg_blue@2x.png in Resources */ = {isa = PBXBuildFile; fileRef = C6E754AD1D0451B1000B8DCD /* bg_blue@2x.png */; };
		C6E754C31D0451B1000B8DCD /* bg_gold@2x.png in Resources */ = {isa = PBXBuildFile; fileRef = C6E754AE1D0451B1000B8DCD /* bg_gold@2x.png */; };
		C6E754C41D0451B1000B8DCD /* bg_red@2x.png in Resources */ = {isa = PBXBuildFile; fileRef = C6E754AF1D0451B1000B8DCD /* bg_red@2x.png */; };
		C6E754C51D0451B1000B8DCD /* gacha@2x (1).png in Resources */ = {isa = PBXBuildFile; fileRef = C6E754B01D0451B1000B8DCD /* gacha@2x (1).png */; };
		C6E754C61D0451B1000B8DCD /* gacha@2x.png in Resources */ = {isa = PBXBuildFile; fileRef = C6E754B11D0451B1000B8DCD /* gacha@2x.png */; };
		C6E754C71D0451B1000B8DCD /* Default-568h@2x.png in Resources */ = {isa = PBXBuildFile; fileRef = C6E754B31D0451B1000B8DCD /* Default-568h@2x.png */; };
		C6E754C81D0451B1000B8DCD /* Default-667h@2x.png in Resources */ = {isa = PBXBuildFile; fileRef = C6E754B41D0451B1000B8DCD /* Default-667h@2x.png */; };
		C6E754C91D0451B1000B8DCD /* Default-736h@3x.png in Resources */ = {isa = PBXBuildFile; fileRef = C6E754B51D0451B1000B8DCD /* Default-736h@3x.png */; };
		C6E754CA1D0451B1000B8DCD /* monster001.png in Resources */ = {isa = PBXBuildFile; fileRef = C6E754B71D0451B1000B8DCD /* monster001.png */; };
		C6E754CB1D0451B1000B8DCD /* monster002.png in Resources */ = {isa = PBXBuildFile; fileRef = C6E754B81D0451B1000B8DCD /* monster002.png */; };
		C6E754CC1D0451B1000B8DCD /* monster003.png in Resources */ = {isa = PBXBuildFile; fileRef = C6E754B91D0451B1000B8DCD /* monster003.png */; };
		C6E754CD1D0451B1000B8DCD /* monster004.png in Resources */ = {isa = PBXBuildFile; fileRef = C6E754BA1D0451B1000B8DCD /* monster004.png */; };
		C6E754CE1D0451B1000B8DCD /* monster005.png in Resources */ = {isa = PBXBuildFile; fileRef = C6E754BB1D0451B1000B8DCD /* monster005.png */; };
		C6E754CF1D0451B1000B8DCD /* monster006.png in Resources */ = {isa = PBXBuildFile; fileRef = C6E754BC1D0451B1000B8DCD /* monster006.png */; };
		C6E754D01D0451B1000B8DCD /* monster007.png in Resources */ = {isa = PBXBuildFile; fileRef = C6E754BD1D0451B1000B8DCD /* monster007.png */; };
		C6E754D11D0451B1000B8DCD /* monster008.png in Resources */ = {isa = PBXBuildFile; fileRef = C6E754BE1D0451B1000B8DCD /* monster008.png */; };
		C6E754D21D0451B1000B8DCD /* monster009.png in Resources */ = {isa = PBXBuildFile; fileRef = C6E754BF1D0451B1000B8DCD /* monster009.png */; };
		C6E754D31D0451B1000B8DCD /* monster010.png in Resources */ = {isa = PBXBuildFile; fileRef = C6E754C01D0451B1000B8DCD /* monster010.png */; };
		C6E754D71D046570000B8DCD /* ResultViewController.swift in Sources */ = {isa = PBXBuildFile; fileRef = C6E754D61D046570000B8DCD /* ResultViewController.swift */; };
/* End PBXBuildFile section */

/* Begin PBXContainerItemProxy section */
		C6E754501D03D04D000B8DCD /* PBXContainerItemProxy */ = {
			isa = PBXContainerItemProxy;
			containerPortal = C6E754331D03D04C000B8DCD /* Project object */;
			proxyType = 1;
			remoteGlobalIDString = C6E7543A1D03D04C000B8DCD;
			remoteInfo = gacha;
		};
		C6E7545B1D03D04D000B8DCD /* PBXContainerItemProxy */ = {
			isa = PBXContainerItemProxy;
			containerPortal = C6E754331D03D04C000B8DCD /* Project object */;
			proxyType = 1;
			remoteGlobalIDString = C6E7543A1D03D04C000B8DCD;
			remoteInfo = gacha;
		};
/* End PBXContainerItemProxy section */

/* Begin PBXFileReference section */
		C6E7543B1D03D04C000B8DCD /* gacha.app */ = {isa = PBXFileReference; explicitFileType = wrapper.application; includeInIndex = 0; path = gacha.app; sourceTree = BUILT_PRODUCTS_DIR; };
		C6E7543E1D03D04C000B8DCD /* AppDelegate.swift */ = {isa = PBXFileReference; lastKnownFileType = sourcecode.swift; path = AppDelegate.swift; sourceTree = "<group>"; };
		C6E754401D03D04C000B8DCD /* ViewController.swift */ = {isa = PBXFileReference; lastKnownFileType = sourcecode.swift; path = ViewController.swift; sourceTree = "<group>"; };
		C6E754431D03D04C000B8DCD /* Base */ = {isa = PBXFileReference; lastKnownFileType = file.storyboard; name = Base; path = Base.lproj/Main.storyboard; sourceTree = "<group>"; };
		C6E754451D03D04C000B8DCD /* Assets.xcassets */ = {isa = PBXFileReference; lastKnownFileType = folder.assetcatalog; path = Assets.xcassets; sourceTree = "<group>"; };
		C6E754481D03D04C000B8DCD /* Base */ = {isa = PBXFileReference; lastKnownFileType = file.storyboard; name = Base; path = Base.lproj/LaunchScreen.storyboard; sourceTree = "<group>"; };
		C6E7544A1D03D04C000B8DCD /* Info.plist */ = {isa = PBXFileReference; lastKnownFileType = text.plist.xml; path = Info.plist; sourceTree = "<group>"; };
		C6E7544F1D03D04D000B8DCD /* gachaTests.xctest */ = {isa = PBXFileReference; explicitFileType = wrapper.cfbundle; includeInIndex = 0; path = gachaTests.xctest; sourceTree = BUILT_PRODUCTS_DIR; };
		C6E754531D03D04D000B8DCD /* gachaTests.swift */ = {isa = PBXFileReference; lastKnownFileType = sourcecode.swift; path = gachaTests.swift; sourceTree = "<group>"; };
		C6E754551D03D04D000B8DCD /* Info.plist */ = {isa = PBXFileReference; lastKnownFileType = text.plist.xml; path = Info.plist; sourceTree = "<group>"; };
		C6E7545A1D03D04D000B8DCD /* gachaUITests.xctest */ = {isa = PBXFileReference; explicitFileType = wrapper.cfbundle; includeInIndex = 0; path = gachaUITests.xctest; sourceTree = BUILT_PRODUCTS_DIR; };
		C6E7545E1D03D04D000B8DCD /* gachaUITests.swift */ = {isa = PBXFileReference; lastKnownFileType = sourcecode.swift; path = gachaUITests.swift; sourceTree = "<group>"; };
		C6E754601D03D04D000B8DCD /* Info.plist */ = {isa = PBXFileReference; lastKnownFileType = text.plist.xml; path = Info.plist; sourceTree = "<group>"; };
		C6E754AB1D0451B1000B8DCD /* AnimationUtility.swift */ = {isa = PBXFileReference; fileEncoding = 4; lastKnownFileType = sourcecode.swift; path = AnimationUtility.swift; sourceTree = "<group>"; };
		C6E754AD1D0451B1000B8DCD /* bg_blue@2x.png */ = {isa = PBXFileReference; lastKnownFileType = image.png; path = "bg_blue@2x.png"; sourceTree = "<group>"; };
		C6E754AE1D0451B1000B8DCD /* bg_gold@2x.png */ = {isa = PBXFileReference; lastKnownFileType = image.png; path = "bg_gold@2x.png"; sourceTree = "<group>"; };
		C6E754AF1D0451B1000B8DCD /* bg_red@2x.png */ = {isa = PBXFileReference; lastKnownFileType = image.png; path = "bg_red@2x.png"; sourceTree = "<group>"; };
		C6E754B01D0451B1000B8DCD /* gacha@2x (1).png */ = {isa = PBXFileReference; lastKnownFileType = image.png; path = "gacha@2x (1).png"; sourceTree = "<group>"; };
		C6E754B11D0451B1000B8DCD /* gacha@2x.png */ = {isa = PBXFileReference; lastKnownFileType = image.png; path = "gacha@2x.png"; sourceTree = "<group>"; };
		C6E754B31D0451B1000B8DCD /* Default-568h@2x.png */ = {isa = PBXFileReference; lastKnownFileType = image.png; path = "Default-568h@2x.png"; sourceTree = "<group>"; };
		C6E754B41D0451B1000B8DCD /* Default-667h@2x.png */ = {isa = PBXFileReference; lastKnownFileType = image.png; path = "Default-667h@2x.png"; sourceTree = "<group>"; };
		C6E754B51D0451B1000B8DCD /* Default-736h@3x.png */ = {isa = PBXFileReference; lastKnownFileType = image.png; path = "Default-736h@3x.png"; sourceTree = "<group>"; };
		C6E754B71D0451B1000B8DCD /* monster001.png */ = {isa = PBXFileReference; lastKnownFileType = image.png; path = monster001.png; sourceTree = "<group>"; };
		C6E754B81D0451B1000B8DCD /* monster002.png */ = {isa = PBXFileReference; lastKnownFileType = image.png; path = monster002.png; sourceTree = "<group>"; };
		C6E754B91D0451B1000B8DCD /* monster003.png */ = {isa = PBXFileReference; lastKnownFileType = image.png; path = monster003.png; sourceTree = "<group>"; };
		C6E754BA1D0451B1000B8DCD /* monster004.png */ = {isa = PBXFileReference; lastKnownFileType = image.png; path = monster004.png; sourceTree = "<group>"; };
		C6E754BB1D0451B1000B8DCD /* monster005.png */ = {isa = PBXFileReference; lastKnownFileType = image.png; path = monster005.png; sourceTree = "<group>"; };
		C6E754BC1D0451B1000B8DCD /* monster006.png */ = {isa = PBXFileReference; lastKnownFileType = image.png; path = monster006.png; sourceTree = "<group>"; };
		C6E754BD1D0451B1000B8DCD /* monster007.png */ = {isa = PBXFileReference; lastKnownFileType = image.png; path = monster007.png; sourceTree = "<group>"; };
		C6E754BE1D0451B1000B8DCD /* monster008.png */ = {isa = PBXFileReference; lastKnownFileType = image.png; path = monster008.png; sourceTree = "<group>"; };
		C6E754BF1D0451B1000B8DCD /* monster009.png */ = {isa = PBXFileReference; lastKnownFileType = image.png; path = monster009.png; sourceTree = "<group>"; };
		C6E754C01D0451B1000B8DCD /* monster010.png */ = {isa = PBXFileReference; lastKnownFileType = image.png; path = monster010.png; sourceTree = "<group>"; };
		C6E754D61D046570000B8DCD /* ResultViewController.swift */ = {isa = PBXFileReference; fileEncoding = 4; lastKnownFileType = sourcecode.swift; path = ResultViewController.swift; sourceTree = "<group>"; };
/* End PBXFileReference section */

/* Begin PBXFrameworksBuildPhase section */
		C6E754381D03D04C000B8DCD /* Frameworks */ = {
			isa = PBXFrameworksBuildPhase;
			buildActionMask = 2147483647;
			files = (
			);
			runOnlyForDeploymentPostprocessing = 0;
		};
		C6E7544C1D03D04D000B8DCD /* Frameworks */ = {
			isa = PBXFrameworksBuildPhase;
			buildActionMask = 2147483647;
			files = (
			);
			runOnlyForDeploymentPostprocessing = 0;
		};
		C6E754571D03D04D000B8DCD /* Frameworks */ = {
			isa = PBXFrameworksBuildPhase;
			buildActionMask = 2147483647;
			files = (
			);
			runOnlyForDeploymentPostprocessing = 0;
		};
/* End PBXFrameworksBuildPhase section */

/* Begin PBXGroup section */
		C6E754321D03D04C000B8DCD = {
			isa = PBXGroup;
			children = (
				C6E754D61D046570000B8DCD /* ResultViewController.swift */,
				C6E7543D1D03D04C000B8DCD /* gacha */,
				C6E754521D03D04D000B8DCD /* gachaTests */,
				C6E7545D1D03D04D000B8DCD /* gachaUITests */,
				C6E7543C1D03D04C000B8DCD /* Products */,
			);
			sourceTree = "<group>";
		};
		C6E7543C1D03D04C000B8DCD /* Products */ = {
			isa = PBXGroup;
			children = (
				C6E7543B1D03D04C000B8DCD /* gacha.app */,
				C6E7544F1D03D04D000B8DCD /* gachaTests.xctest */,
				C6E7545A1D03D04D000B8DCD /* gachaUITests.xctest */,
			);
			name = Products;
			sourceTree = "<group>";
		};
		C6E7543D1D03D04C000B8DCD /* gacha */ = {
			isa = PBXGroup;
			children = (
				C6E754AA1D0451B1000B8DCD /* GachaResources */,
				C6E7543E1D03D04C000B8DCD /* AppDelegate.swift */,
				C6E754401D03D04C000B8DCD /* ViewController.swift */,
				C6E754421D03D04C000B8DCD /* Main.storyboard */,
				C6E754451D03D04C000B8DCD /* Assets.xcassets */,
				C6E754471D03D04C000B8DCD /* LaunchScreen.storyboard */,
				C6E7544A1D03D04C000B8DCD /* Info.plist */,
			);
			path = gacha;
			sourceTree = "<group>";
		};
		C6E754521D03D04D000B8DCD /* gachaTests */ = {
			isa = PBXGroup;
			children = (
				C6E754531D03D04D000B8DCD /* gachaTests.swift */,
				C6E754551D03D04D000B8DCD /* Info.plist */,
			);
			path = gachaTests;
			sourceTree = "<group>";
		};
		C6E7545D1D03D04D000B8DCD /* gachaUITests */ = {
			isa = PBXGroup;
			children = (
				C6E7545E1D03D04D000B8DCD /* gachaUITests.swift */,
				C6E754601D03D04D000B8DCD /* Info.plist */,
			);
			path = gachaUITests;
			sourceTree = "<group>";
		};
		C6E754AA1D0451B1000B8DCD /* GachaResources */ = {
			isa = PBXGroup;
			children = (
				C6E754AB1D0451B1000B8DCD /* AnimationUtility.swift */,
				C6E754AC1D0451B1000B8DCD /* background */,
				C6E754B21D0451B1000B8DCD /* Defaults */,
				C6E754B61D0451B1000B8DCD /* monster */,
			);
			path = GachaResources;
			sourceTree = "<group>";
		};
		C6E754AC1D0451B1000B8DCD /* background */ = {
			isa = PBXGroup;
			children = (
				C6E754AD1D0451B1000B8DCD /* bg_blue@2x.png */,
				C6E754AE1D0451B1000B8DCD /* bg_gold@2x.png */,
				C6E754AF1D0451B1000B8DCD /* bg_red@2x.png */,
				C6E754B01D0451B1000B8DCD /* gacha@2x (1).png */,
				C6E754B11D0451B1000B8DCD /* gacha@2x.png */,
			);
			path = background;
			sourceTree = "<group>";
		};
		C6E754B21D0451B1000B8DCD /* Defaults */ = {
			isa = PBXGroup;
			children = (
				C6E754B31D0451B1000B8DCD /* Default-568h@2x.png */,
				C6E754B41D0451B1000B8DCD /* Default-667h@2x.png */,
				C6E754B51D0451B1000B8DCD /* Default-736h@3x.png */,
			);
			path = Defaults;
			sourceTree = "<group>";
		};
		C6E754B61D0451B1000B8DCD /* monster */ = {
			isa = PBXGroup;
			children = (
				C6E754B71D0451B1000B8DCD /* monster001.png */,
				C6E754B81D0451B1000B8DCD /* monster002.png */,
				C6E754B91D0451B1000B8DCD /* monster003.png */,
				C6E754BA1D0451B1000B8DCD /* monster004.png */,
				C6E754BB1D0451B1000B8DCD /* monster005.png */,
				C6E754BC1D0451B1000B8DCD /* monster006.png */,
				C6E754BD1D0451B1000B8DCD /* monster007.png */,
				C6E754BE1D0451B1000B8DCD /* monster008.png */,
				C6E754BF1D0451B1000B8DCD /* monster009.png */,
				C6E754C01D0451B1000B8DCD /* monster010.png */,
			);
			path = monster;
			sourceTree = "<group>";
		};
/* End PBXGroup section */

/* Begin PBXNativeTarget section */
		C6E7543A1D03D04C000B8DCD /* gacha */ = {
			isa = PBXNativeTarget;
			buildConfigurationList = C6E754631D03D04D000B8DCD /* Build configuration list for PBXNativeTarget "gacha" */;
			buildPhases = (
				C6E754371D03D04C000B8DCD /* Sources */,
				C6E754381D03D04C000B8DCD /* Frameworks */,
				C6E754391D03D04C000B8DCD /* Resources */,
			);
			buildRules = (
			);
			dependencies = (
			);
			name = gacha;
			productName = gacha;
			productReference = C6E7543B1D03D04C000B8DCD /* gacha.app */;
			productType = "com.apple.product-type.application";
		};
		C6E7544E1D03D04D000B8DCD /* gachaTests */ = {
			isa = PBXNativeTarget;
			buildConfigurationList = C6E754661D03D04D000B8DCD /* Build configuration list for PBXNativeTarget "gachaTests" */;
			buildPhases = (
				C6E7544B1D03D04D000B8DCD /* Sources */,
				C6E7544C1D03D04D000B8DCD /* Frameworks */,
				C6E7544D1D03D04D000B8DCD /* Resources */,
			);
			buildRules = (
			);
			dependencies = (
				C6E754511D03D04D000B8DCD /* PBXTargetDependency */,
			);
			name = gachaTests;
			productName = gachaTests;
			productReference = C6E7544F1D03D04D000B8DCD /* gachaTests.xctest */;
			productType = "com.apple.product-type.bundle.unit-test";
		};
		C6E754591D03D04D000B8DCD /* gachaUITests */ = {
			isa = PBXNativeTarget;
			buildConfigurationList = C6E754691D03D04D000B8DCD /* Build configuration list for PBXNativeTarget "gachaUITests" */;
			buildPhases = (
				C6E754561D03D04D000B8DCD /* Sources */,
				C6E754571D03D04D000B8DCD /* Frameworks */,
				C6E754581D03D04D000B8DCD /* Resources */,
			);
			buildRules = (
			);
			dependencies = (
				C6E7545C1D03D04D000B8DCD /* PBXTargetDependency */,
			);
			name = gachaUITests;
			productName = gachaUITests;
			productReference = C6E7545A1D03D04D000B8DCD /* gachaUITests.xctest */;
			productType = "com.apple.product-type.bundle.ui-testing";
		};
/* End PBXNativeTarget section */

/* Begin PBXProject section */
		C6E754331D03D04C000B8DCD /* Project object */ = {
			isa = PBXProject;
			attributes = {
				LastSwiftUpdateCheck = 0730;
				LastUpgradeCheck = 0730;
				ORGANIZATIONNAME = "山本豪";
				TargetAttributes = {
					C6E7543A1D03D04C000B8DCD = {
						CreatedOnToolsVersion = 7.3.1;
					};
					C6E7544E1D03D04D000B8DCD = {
						CreatedOnToolsVersion = 7.3.1;
						TestTargetID = C6E7543A1D03D04C000B8DCD;
					};
					C6E754591D03D04D000B8DCD = {
						CreatedOnToolsVersion = 7.3.1;
						TestTargetID = C6E7543A1D03D04C000B8DCD;
					};
				};
			};
			buildConfigurationList = C6E754361D03D04C000B8DCD /* Build configuration list for PBXProject "gacha" */;
			compatibilityVersion = "Xcode 3.2";
			developmentRegion = English;
			hasScannedForEncodings = 0;
			knownRegions = (
				en,
				Base,
			);
			mainGroup = C6E754321D03D04C000B8DCD;
			productRefGroup = C6E7543C1D03D04C000B8DCD /* Products */;
			projectDirPath = "";
			projectRoot = "";
			targets = (
				C6E7543A1D03D04C000B8DCD /* gacha */,
				C6E7544E1D03D04D000B8DCD /* gachaTests */,
				C6E754591D03D04D000B8DCD /* gachaUITests */,
			);
		};
/* End PBXProject section */

/* Begin PBXResourcesBuildPhase section */
		C6E754391D03D04C000B8DCD /* Resources */ = {
			isa = PBXResourcesBuildPhase;
			buildActionMask = 2147483647;
			files = (
				C6E754CF1D0451B1000B8DCD /* monster006.png in Resources */,
				C6E754491D03D04C000B8DCD /* LaunchScreen.storyboard in Resources */,
				C6E754CB1D0451B1000B8DCD /* monster002.png in Resources */,
				C6E754C31D0451B1000B8DCD /* bg_gold@2x.png in Resources */,
				C6E754C71D0451B1000B8DCD /* Default-568h@2x.png in Resources */,
				C6E754CD1D0451B1000B8DCD /* monster004.png in Resources */,
				C6E754C91D0451B1000B8DCD /* Default-736h@3x.png in Resources */,
				C6E754C51D0451B1000B8DCD /* gacha@2x (1).png in Resources */,
				C6E754461D03D04C000B8DCD /* Assets.xcassets in Resources */,
				C6E754D31D0451B1000B8DCD /* monster010.png in Resources */,
				C6E754441D03D04C000B8DCD /* Main.storyboard in Resources */,
				C6E754D01D0451B1000B8DCD /* monster007.png in Resources */,
				C6E754C61D0451B1000B8DCD /* gacha@2x.png in Resources */,
				C6E754C21D0451B1000B8DCD /* bg_blue@2x.png in Resources */,
				C6E754D11D0451B1000B8DCD /* monster008.png in Resources */,
				C6E754D21D0451B1000B8DCD /* monster009.png in Resources */,
				C6E754CC1D0451B1000B8DCD /* monster003.png in Resources */,
				C6E754C41D0451B1000B8DCD /* bg_red@2x.png in Resources */,
				C6E754CA1D0451B1000B8DCD /* monster001.png in Resources */,
				C6E754CE1D0451B1000B8DCD /* monster005.png in Resources */,
				C6E754C81D0451B1000B8DCD /* Default-667h@2x.png in Resources */,
			);
			runOnlyForDeploymentPostprocessing = 0;
		};
		C6E7544D1D03D04D000B8DCD /* Resources */ = {
			isa = PBXResourcesBuildPhase;
			buildActionMask = 2147483647;
			files = (
			);
			runOnlyForDeploymentPostprocessing = 0;
		};
		C6E754581D03D04D000B8DCD /* Resources */ = {
			isa = PBXResourcesBuildPhase;
			buildActionMask = 2147483647;
			files = (
			);
			runOnlyForDeploymentPostprocessing = 0;
		};
/* End PBXResourcesBuildPhase section */

/* Begin PBXSourcesBuildPhase section */
		C6E754371D03D04C000B8DCD /* Sources */ = {
			isa = PBXSourcesBuildPhase;
			buildActionMask = 2147483647;
			files = (
				C6E754411D03D04C000B8DCD /* ViewController.swift in Sources */,
				C6E7543F1D03D04C000B8DCD /* AppDelegate.swift in Sources */,
				C6E754C11D0451B1000B8DCD /* AnimationUtility.swift in Sources */,
				C6E754D71D046570000B8DCD /* ResultViewController.swift in Sources */,
			);
			runOnlyForDeploymentPostprocessing = 0;
		};
		C6E7544B1D03D04D000B8DCD /* Sources */ = {
			isa = PBXSourcesBuildPhase;
			buildActionMask = 2147483647;
			files = (
				C6E754541D03D04D000B8DCD /* gachaTests.swift in Sources */,
			);
			runOnlyForDeploymentPostprocessing = 0;
		};
		C6E754561D03D04D000B8DCD /* Sources */ = {
			isa = PBXSourcesBuildPhase;
			buildActionMask = 2147483647;
			files = (
				C6E7545F1D03D04D000B8DCD /* gachaUITests.swift in Sources */,
			);
			runOnlyForDeploymentPostprocessing = 0;
		};
/* End PBXSourcesBuildPhase section */

/* Begin PBXTargetDependency section */
		C6E754511D03D04D000B8DCD /* PBXTargetDependency */ = {
			isa = PBXTargetDependency;
			target = C6E7543A1D03D04C000B8DCD /* gacha */;
			targetProxy = C6E754501D03D04D000B8DCD /* PBXContainerItemProxy */;
		};
		C6E7545C1D03D04D000B8DCD /* PBXTargetDependency */ = {
			isa = PBXTargetDependency;
			target = C6E7543A1D03D04C000B8DCD /* gacha */;
			targetProxy = C6E7545B1D03D04D000B8DCD /* PBXContainerItemProxy */;
		};
/* End PBXTargetDependency section */

/* Begin PBXVariantGroup section */
		C6E754421D03D04C000B8DCD /* Main.storyboard */ = {
			isa = PBXVariantGroup;
			children = (
				C6E754431D03D04C000B8DCD /* Base */,
			);
			name = Main.storyboard;
			sourceTree = "<group>";
		};
		C6E754471D03D04C000B8DCD /* LaunchScreen.storyboard */ = {
			isa = PBXVariantGroup;
			children = (
				C6E754481D03D04C000B8DCD /* Base */,
			);
			name = LaunchScreen.storyboard;
			sourceTree = "<group>";
		};
/* End PBXVariantGroup section */

/* Begin XCBuildConfiguration section */
		C6E754611D03D04D000B8DCD /* Debug */ = {
			isa = XCBuildConfiguration;
			buildSettings = {
				ALWAYS_SEARCH_USER_PATHS = NO;
				CLANG_ANALYZER_NONNULL = YES;
				CLANG_CXX_LANGUAGE_STANDARD = "gnu++0x";
				CLANG_CXX_LIBRARY = "libc++";
				CLANG_ENABLE_MODULES = YES;
				CLANG_ENABLE_OBJC_ARC = YES;
				CLANG_WARN_BOOL_CONVERSION = YES;
				CLANG_WARN_CONSTANT_CONVERSION = YES;
				CLANG_WARN_DIRECT_OBJC_ISA_USAGE = YES_ERROR;
				CLANG_WARN_EMPTY_BODY = YES;
				CLANG_WARN_ENUM_CONVERSION = YES;
				CLANG_WARN_INT_CONVERSION = YES;
				CLANG_WARN_OBJC_ROOT_CLASS = YES_ERROR;
				CLANG_WARN_UNREACHABLE_CODE = YES;
				CLANG_WARN__DUPLICATE_METHOD_MATCH = YES;
				"CODE_SIGN_IDENTITY[sdk=iphoneos*]" = "iPhone Developer";
				COPY_PHASE_STRIP = NO;
				DEBUG_INFORMATION_FORMAT = dwarf;
				ENABLE_STRICT_OBJC_MSGSEND = YES;
				ENABLE_TESTABILITY = YES;
				GCC_C_LANGUAGE_STANDARD = gnu99;
				GCC_DYNAMIC_NO_PIC = NO;
				GCC_NO_COMMON_BLOCKS = YES;
				GCC_OPTIMIZATION_LEVEL = 0;
				GCC_PREPROCESSOR_DEFINITIONS = (
					"DEBUG=1",
					"$(inherited)",
				);
				GCC_WARN_64_TO_32_BIT_CONVERSION = YES;
				GCC_WARN_ABOUT_RETURN_TYPE = YES_ERROR;
				GCC_WARN_UNDECLARED_SELECTOR = YES;
				GCC_WARN_UNINITIALIZED_AUTOS = YES_AGGRESSIVE;
				GCC_WARN_UNUSED_FUNCTION = YES;
				GCC_WARN_UNUSED_VARIABLE = YES;
				IPHONEOS_DEPLOYMENT_TARGET = 9.3;
				MTL_ENABLE_DEBUG_INFO = YES;
				ONLY_ACTIVE_ARCH = YES;
				SDKROOT = iphoneos;
				SWIFT_OPTIMIZATION_LEVEL = "-Onone";
			};
			name = Debug;
		};
		C6E754621D03D04D000B8DCD /* Release */ = {
			isa = XCBuildConfiguration;
			buildSettings = {
				ALWAYS_SEARCH_USER_PATHS = NO;
				CLANG_ANALYZER_NONNULL = YES;
				CLANG_CXX_LANGUAGE_STANDARD = "gnu++0x";
				CLANG_CXX_LIBRARY = "libc++";
				CLANG_ENABLE_MODULES = YES;
				CLANG_ENABLE_OBJC_ARC = YES;
				CLANG_WARN_BOOL_CONVERSION = YES;
				CLANG_WARN_CONSTANT_CONVERSION = YES;
				CLANG_WARN_DIRECT_OBJC_ISA_USAGE = YES_ERROR;
				CLANG_WARN_EMPTY_BODY = YES;
				CLANG_WARN_ENUM_CONVERSION = YES;
				CLANG_WARN_INT_CONVERSION = YES;
				CLANG_WARN_OBJC_ROOT_CLASS = YES_ERROR;
				CLANG_WARN_UNREACHABLE_CODE = YES;
				CLANG_WARN__DUPLICATE_METHOD_MATCH = YES;
				"CODE_SIGN_IDENTITY[sdk=iphoneos*]" = "iPhone Developer";
				COPY_PHASE_STRIP = NO;
				DEBUG_INFORMATION_FORMAT = "dwarf-with-dsym";
				ENABLE_NS_ASSERTIONS = NO;
				ENABLE_STRICT_OBJC_MSGSEND = YES;
				GCC_C_LANGUAGE_STANDARD = gnu99;
				GCC_NO_COMMON_BLOCKS = YES;
				GCC_WARN_64_TO_32_BIT_CONVERSION = YES;
				GCC_WARN_ABOUT_RETURN_TYPE = YES_ERROR;
				GCC_WARN_UNDECLARED_SELECTOR = YES;
				GCC_WARN_UNINITIALIZED_AUTOS = YES_AGGRESSIVE;
				GCC_WARN_UNUSED_FUNCTION = YES;
				GCC_WARN_UNUSED_VARIABLE = YES;
				IPHONEOS_DEPLOYMENT_TARGET = 9.3;
				MTL_ENABLE_DEBUG_INFO = NO;
				SDKROOT = iphoneos;
				VALIDATE_PRODUCT = YES;
			};
			name = Release;
		};
		C6E754641D03D04D000B8DCD /* Debug */ = {
			isa = XCBuildConfiguration;
			buildSettings = {
				ASSETCATALOG_COMPILER_APPICON_NAME = AppIcon;
				INFOPLIST_FILE = gacha/Info.plist;
				LD_RUNPATH_SEARCH_PATHS = "$(inherited) @executable_path/Frameworks";
				PRODUCT_BUNDLE_IDENTIFIER = "---.gacha";
				PRODUCT_NAME = "$(TARGET_NAME)";
			};
			name = Debug;
		};
		C6E754651D03D04D000B8DCD /* Release */ = {
			isa = XCBuildConfiguration;
			buildSettings = {
				ASSETCATALOG_COMPILER_APPICON_NAME = AppIcon;
				INFOPLIST_FILE = gacha/Info.plist;
				LD_RUNPATH_SEARCH_PATHS = "$(inherited) @executable_path/Frameworks";
				PRODUCT_BUNDLE_IDENTIFIER = "---.gacha";
				PRODUCT_NAME = "$(TARGET_NAME)";
			};
			name = Release;
		};
		C6E754671D03D04D000B8DCD /* Debug */ = {
			isa = XCBuildConfiguration;
			buildSettings = {
				BUNDLE_LOADER = "$(TEST_HOST)";
				INFOPLIST_FILE = gachaTests/Info.plist;
				LD_RUNPATH_SEARCH_PATHS = "$(inherited) @executable_path/Frameworks @loader_path/Frameworks";
				PRODUCT_BUNDLE_IDENTIFIER = "---.gachaTests";
				PRODUCT_NAME = "$(TARGET_NAME)";
				TEST_HOST = "$(BUILT_PRODUCTS_DIR)/gacha.app/gacha";
			};
			name = Debug;
		};
		C6E754681D03D04D000B8DCD /* Release */ = {
			isa = XCBuildConfiguration;
			buildSettings = {
				BUNDLE_LOADER = "$(TEST_HOST)";
				INFOPLIST_FILE = gachaTests/Info.plist;
				LD_RUNPATH_SEARCH_PATHS = "$(inherited) @executable_path/Frameworks @loader_path/Frameworks";
				PRODUCT_BUNDLE_IDENTIFIER = "---.gachaTests";
				PRODUCT_NAME = "$(TARGET_NAME)";
				TEST_HOST = "$(BUILT_PRODUCTS_DIR)/gacha.app/gacha";
			};
			name = Release;
		};
		C6E7546A1D03D04D000B8DCD /* Debug */ = {
			isa = XCBuildConfiguration;
			buildSettings = {
				INFOPLIST_FILE = gachaUITests/Info.plist;
				LD_RUNPATH_SEARCH_PATHS = "$(inherited) @executable_path/Frameworks @loader_path/Frameworks";
				PRODUCT_BUNDLE_IDENTIFIER = "---.gachaUITests";
				PRODUCT_NAME = "$(TARGET_NAME)";
				TEST_TARGET_NAME = gacha;
			};
			name = Debug;
		};
		C6E7546B1D03D04D000B8DCD /* Release */ = {
			isa = XCBuildConfiguration;
			buildSettings = {
				INFOPLIST_FILE = gachaUITests/Info.plist;
				LD_RUNPATH_SEARCH_PATHS = "$(inherited) @executable_path/Frameworks @loader_path/Frameworks";
				PRODUCT_BUNDLE_IDENTIFIER = "---.gachaUITests";
				PRODUCT_NAME = "$(TARGET_NAME)";
				TEST_TARGET_NAME = gacha;
			};
			name = Release;
		};
/* End XCBuildConfiguration section */

/* Begin XCConfigurationList section */
		C6E754361D03D04C000B8DCD /* Build configuration list for PBXProject "gacha" */ = {
			isa = XCConfigurationList;
			buildConfigurations = (
				C6E754611D03D04D000B8DCD /* Debug */,
				C6E754621D03D04D000B8DCD /* Release */,
			);
			defaultConfigurationIsVisible = 0;
			defaultConfigurationName = Release;
		};
		C6E754631D03D04D000B8DCD /* Build configuration list for PBXNativeTarget "gacha" */ = {
			isa = XCConfigurationList;
			buildConfigurations = (
				C6E754641D03D04D000B8DCD /* Debug */,
				C6E754651D03D04D000B8DCD /* Release */,
			);
			defaultConfigurationIsVisible = 0;
			defaultConfigurationName = Release;
		};
		C6E754661D03D04D000B8DCD /* Build configuration list for PBXNativeTarget "gachaTests" */ = {
			isa = XCConfigurationList;
			buildConfigurations = (
				C6E754671D03D04D000B8DCD /* Debug */,
				C6E754681D03D04D000B8DCD /* Release */,
			);
			defaultConfigurationIsVisible = 0;
			defaultConfigurationName = Release;
		};
		C6E754691D03D04D000B8DCD /* Build configuration list for PBXNativeTarget "gachaUITests" */ = {
			isa = XCConfigurationList;
			buildConfigurations = (
				C6E7546A1D03D04D000B8DCD /* Debug */,
				C6E7546B1D03D04D000B8DCD /* Release */,
			);
			defaultConfigurationIsVisible = 0;
			defaultConfigurationName = Release;
		};
/* End XCConfigurationList section */
	};
	rootObject = C6E754331D03D04C000B8DCD /* Project object */;
}
